
Microsoft Visual Studio Solution File, Format Version 12.00
# Visual Studio Version 17
VisualStudioVersion = 17.10.35027.167
MinimumVisualStudioVersion = 10.0.40219.1
Project("{FAE04EC0-301F-11D3-BF4B-00C04F79EFBC}") = "StudentGradesCalculator", "StudentGradesCalculator\StudentGradesCalculator.csproj", "{E572BF75-0C74-4B44-BC29-27C0C255760E}"
EndProject
Project("{FAE04EC0-301F-11D3-BF4B-00C04F79EFBC}") = "StdTest.nUnitTests", "StdTest.nUnitTests\StdTest.nUnitTests.csproj", "{FCFA4B9E-E1BC-4C6C-BB25-9C2F304714B9}"
EndProject
Global
	GlobalSection(SolutionConfigurationPlatforms) = preSolution
		Debug|Any CPU = Debug|Any CPU
		Release|Any CPU = Release|Any CPU
	EndGlobalSection
	GlobalSection(ProjectConfigurationPlatforms) = postSolution
		{E572BF75-0C74-4B44-BC29-27C0C255760E}.Debug|Any CPU.ActiveCfg = Debug|Any CPU
		{E572BF75-0C74-4B44-BC29-27C0C255760E}.Debug|Any CPU.Build.0 = Debug|Any CPU
		{E572BF75-0C74-4B44-BC29-27C0C255760E}.Release|Any CPU.ActiveCfg = Release|Any CPU
		{E572BF75-0C74-4B44-BC29-27C0C255760E}.Release|Any CPU.Build.0 = Release|Any CPU
		{FCFA4B9E-E1BC-4C6C-BB25-9C2F304714B9}.Debug|Any CPU.ActiveCfg = Debug|Any CPU
		{FCFA4B9E-E1BC-4C6C-BB25-9C2F304714B9}.Debug|Any CPU.Build.0 = Debug|Any CPU
		{FCFA4B9E-E1BC-4C6C-BB25-9C2F304714B9}.Release|Any CPU.ActiveCfg = Release|Any CPU
		{FCFA4B9E-E1BC-4C6C-BB25-9C2F304714B9}.Release|Any CPU.Build.0 = Release|Any CPU
	EndGlobalSection
	GlobalSection(SolutionProperties) = preSolution
		HideSolutionNode = FALSE
	EndGlobalSection
	GlobalSection(ExtensibilityGlobals) = postSolution
		SolutionGuid = {3E62CA78-01ED-433B-B7F7-1ED8FF484A7E}
	EndGlobalSection
EndGlobal
