
Microsoft Visual Studio Solution File, Format Version 12.00
# Visual Studio Version 17
VisualStudioVersion = 17.10.35027.167
MinimumVisualStudioVersion = 10.0.40219.1
Project("{FAE04EC0-301F-11D3-BF4B-00C04F79EFBC}") = "WebApp", "WebApp\WebApp.csproj", "{B94CA705-1883-4A69-B9A8-4CBF1365AC23}"
EndProject
Global
	GlobalSection(SolutionConfigurationPlatforms) = preSolution
		Debug|Any CPU = Debug|Any CPU
		Release|Any CPU = Release|Any CPU
	EndGlobalSection
	GlobalSection(ProjectConfigurationPlatforms) = postSolution
		{B94CA705-1883-4A69-B9A8-4CBF1365AC23}.Debug|Any CPU.ActiveCfg = Debug|Any CPU
		{B94CA705-1883-4A69-B9A8-4CBF1365AC23}.Debug|Any CPU.Build.0 = Debug|Any CPU
		{B94CA705-1883-4A69-B9A8-4CBF1365AC23}.Release|Any CPU.ActiveCfg = Release|Any CPU
		{B94CA705-1883-4A69-B9A8-4CBF1365AC23}.Release|Any CPU.Build.0 = Release|Any CPU
	EndGlobalSection
	GlobalSection(SolutionProperties) = preSolution
		HideSolutionNode = FALSE
	EndGlobalSection
	GlobalSection(ExtensibilityGlobals) = postSolution
		SolutionGuid = {D0C5EFF5-9AEF-403F-869E-EEA06A49E3D9}
	EndGlobalSection
EndGlobal
